// !$*UTF8*$!
{
	archiveVersion = 1;
	classes = {
	};
	objectVersion = 46;
	objects = {

/* Begin PBXBuildFile section */
		8CA8875E1C0590E500D1C61D /* AppDelegate.swift in Sources */ = {isa = PBXBuildFile; fileRef = 8CA8875D1C0590E500D1C61D /* AppDelegate.swift */; };
		8CA887601C0590E500D1C61D /* ViewController.swift in Sources */ = {isa = PBXBuildFile; fileRef = 8CA8875F1C0590E500D1C61D /* ViewController.swift */; };
		8CA887631C0590E500D1C61D /* Main.storyboard in Resources */ = {isa = PBXBuildFile; fileRef = 8CA887611C0590E500D1C61D /* Main.storyboard */; };
		8CA887651C0590E500D1C61D /* Assets.xcassets in Resources */ = {isa = PBXBuildFile; fileRef = 8CA887641C0590E500D1C61D /* Assets.xcassets */; };
		8CA887681C0590E500D1C61D /* LaunchScreen.storyboard in Resources */ = {isa = PBXBuildFile; fileRef = 8CA887661C0590E500D1C61D /* LaunchScreen.storyboard */; };
		8CA887731C0590E500D1C61D /* ZhihuDailyTests.swift in Sources */ = {isa = PBXBuildFile; fileRef = 8CA887721C0590E500D1C61D /* ZhihuDailyTests.swift */; };
		8CA8877E1C0590E500D1C61D /* ZhihuDailyUITests.swift in Sources */ = {isa = PBXBuildFile; fileRef = 8CA8877D1C0590E500D1C61D /* ZhihuDailyUITests.swift */; };
/* End PBXBuildFile section */

/* Begin PBXContainerItemProxy section */
		8CA8876F1C0590E500D1C61D /* PBXContainerItemProxy */ = {
			isa = PBXContainerItemProxy;
			containerPortal = 8CA887521C0590E500D1C61D /* Project object */;
			proxyType = 1;
			remoteGlobalIDString = 8CA887591C0590E500D1C61D;
			remoteInfo = ZhihuDaily;
		};
		8CA8877A1C0590E500D1C61D /* PBXContainerItemProxy */ = {
			isa = PBXContainerItemProxy;
			containerPortal = 8CA887521C0590E500D1C61D /* Project object */;
			proxyType = 1;
			remoteGlobalIDString = 8CA887591C0590E500D1C61D;
			remoteInfo = ZhihuDaily;
		};
/* End PBXContainerItemProxy section */

/* Begin PBXFileReference section */
		8CA8875A1C0590E500D1C61D /* ZhihuDaily.app */ = {isa = PBXFileReference; explicitFileType = wrapper.application; includeInIndex = 0; path = ZhihuDaily.app; sourceTree = BUILT_PRODUCTS_DIR; };
		8CA8875D1C0590E500D1C61D /* AppDelegate.swift */ = {isa = PBXFileReference; lastKnownFileType = sourcecode.swift; path = AppDelegate.swift; sourceTree = "<group>"; };
		8CA8875F1C0590E500D1C61D /* ViewController.swift */ = {isa = PBXFileReference; lastKnownFileType = sourcecode.swift; path = ViewController.swift; sourceTree = "<group>"; };
		8CA887621C0590E500D1C61D /* Base */ = {isa = PBXFileReference; lastKnownFileType = file.storyboard; name = Base; path = Base.lproj/Main.storyboard; sourceTree = "<group>"; };
		8CA887641C0590E500D1C61D /* Assets.xcassets */ = {isa = PBXFileReference; lastKnownFileType = folder.assetcatalog; path = Assets.xcassets; sourceTree = "<group>"; };
		8CA887671C0590E500D1C61D /* Base */ = {isa = PBXFileReference; lastKnownFileType = file.storyboard; name = Base; path = Base.lproj/LaunchScreen.storyboard; sourceTree = "<group>"; };
		8CA887691C0590E500D1C61D /* Info.plist */ = {isa = PBXFileReference; lastKnownFileType = text.plist.xml; path = Info.plist; sourceTree = "<group>"; };
		8CA8876E1C0590E500D1C61D /* ZhihuDailyTests.xctest */ = {isa = PBXFileReference; explicitFileType = wrapper.cfbundle; includeInIndex = 0; path = ZhihuDailyTests.xctest; sourceTree = BUILT_PRODUCTS_DIR; };
		8CA887721C0590E500D1C61D /* ZhihuDailyTests.swift */ = {isa = PBXFileReference; lastKnownFileType = sourcecode.swift; path = ZhihuDailyTests.swift; sourceTree = "<group>"; };
		8CA887741C0590E500D1C61D /* Info.plist */ = {isa = PBXFileReference; lastKnownFileType = text.plist.xml; path = Info.plist; sourceTree = "<group>"; };
		8CA887791C0590E500D1C61D /* ZhihuDailyUITests.xctest */ = {isa = PBXFileReference; explicitFileType = wrapper.cfbundle; includeInIndex = 0; path = ZhihuDailyUITests.xctest; sourceTree = BUILT_PRODUCTS_DIR; };
		8CA8877D1C0590E500D1C61D /* ZhihuDailyUITests.swift */ = {isa = PBXFileReference; lastKnownFileType = sourcecode.swift; path = ZhihuDailyUITests.swift; sourceTree = "<group>"; };
		8CA8877F1C0590E500D1C61D /* Info.plist */ = {isa = PBXFileReference; lastKnownFileType = text.plist.xml; path = Info.plist; sourceTree = "<group>"; };
/* End PBXFileReference section */

/* Begin PBXFrameworksBuildPhase section */
		8CA887571C0590E500D1C61D /* Frameworks */ = {
			isa = PBXFrameworksBuildPhase;
			buildActionMask = 2147483647;
			files = (
			);
			runOnlyForDeploymentPostprocessing = 0;
		};
		8CA8876B1C0590E500D1C61D /* Frameworks */ = {
			isa = PBXFrameworksBuildPhase;
			buildActionMask = 2147483647;
			files = (
			);
			runOnlyForDeploymentPostprocessing = 0;
		};
		8CA887761C0590E500D1C61D /* Frameworks */ = {
			isa = PBXFrameworksBuildPhase;
			buildActionMask = 2147483647;
			files = (
			);
			runOnlyForDeploymentPostprocessing = 0;
		};
/* End PBXFrameworksBuildPhase section */

/* Begin PBXGroup section */
		8CA887511C0590E500D1C61D = {
			isa = PBXGroup;
			children = (
				8CA8875C1C0590E500D1C61D /* ZhihuDaily */,
				8CA887711C0590E500D1C61D /* ZhihuDailyTests */,
				8CA8877C1C0590E500D1C61D /* ZhihuDailyUITests */,
				8CA8875B1C0590E500D1C61D /* Products */,
			);
			sourceTree = "<group>";
		};
		8CA8875B1C0590E500D1C61D /* Products */ = {
			isa = PBXGroup;
			children = (
				8CA8875A1C0590E500D1C61D /* ZhihuDaily.app */,
				8CA8876E1C0590E500D1C61D /* ZhihuDailyTests.xctest */,
				8CA887791C0590E500D1C61D /* ZhihuDailyUITests.xctest */,
			);
			name = Products;
			sourceTree = "<group>";
		};
		8CA8875C1C0590E500D1C61D /* ZhihuDaily */ = {
			isa = PBXGroup;
			children = (
				8CA8875D1C0590E500D1C61D /* AppDelegate.swift */,
				8CA8875F1C0590E500D1C61D /* ViewController.swift */,
				8CA887611C0590E500D1C61D /* Main.storyboard */,
				8CA887641C0590E500D1C61D /* Assets.xcassets */,
				8CA887661C0590E500D1C61D /* LaunchScreen.storyboard */,
				8CA887691C0590E500D1C61D /* Info.plist */,
			);
			path = ZhihuDaily;
			sourceTree = "<group>";
		};
		8CA887711C0590E500D1C61D /* ZhihuDailyTests */ = {
			isa = PBXGroup;
			children = (
				8CA887721C0590E500D1C61D /* ZhihuDailyTests.swift */,
				8CA887741C0590E500D1C61D /* Info.plist */,
			);
			path = ZhihuDailyTests;
			sourceTree = "<group>";
		};
		8CA8877C1C0590E500D1C61D /* ZhihuDailyUITests */ = {
			isa = PBXGroup;
			children = (
				8CA8877D1C0590E500D1C61D /* ZhihuDailyUITests.swift */,
				8CA8877F1C0590E500D1C61D /* Info.plist */,
			);
			path = ZhihuDailyUITests;
			sourceTree = "<group>";
		};
/* End PBXGroup section */

/* Begin PBXNativeTarget section */
		8CA887591C0590E500D1C61D /* ZhihuDaily */ = {
			isa = PBXNativeTarget;
			buildConfigurationList = 8CA887821C0590E500D1C61D /* Build configuration list for PBXNativeTarget "ZhihuDaily" */;
			buildPhases = (
				8CA887561C0590E500D1C61D /* Sources */,
				8CA887571C0590E500D1C61D /* Frameworks */,
				8CA887581C0590E500D1C61D /* Resources */,
			);
			buildRules = (
			);
			dependencies = (
			);
			name = ZhihuDaily;
			productName = ZhihuDaily;
			productReference = 8CA8875A1C0590E500D1C61D /* ZhihuDaily.app */;
			productType = "com.apple.product-type.application";
		};
		8CA8876D1C0590E500D1C61D /* ZhihuDailyTests */ = {
			isa = PBXNativeTarget;
			buildConfigurationList = 8CA887851C0590E500D1C61D /* Build configuration list for PBXNativeTarget "ZhihuDailyTests" */;
			buildPhases = (
				8CA8876A1C0590E500D1C61D /* Sources */,
				8CA8876B1C0590E500D1C61D /* Frameworks */,
				8CA8876C1C0590E500D1C61D /* Resources */,
			);
			buildRules = (
			);
			dependencies = (
				8CA887701C0590E500D1C61D /* PBXTargetDependency */,
			);
			name = ZhihuDailyTests;
			productName = ZhihuDailyTests;
			productReference = 8CA8876E1C0590E500D1C61D /* ZhihuDailyTests.xctest */;
			productType = "com.apple.product-type.bundle.unit-test";
		};
		8CA887781C0590E500D1C61D /* ZhihuDailyUITests */ = {
			isa = PBXNativeTarget;
			buildConfigurationList = 8CA887881C0590E500D1C61D /* Build configuration list for PBXNativeTarget "ZhihuDailyUITests" */;
			buildPhases = (
				8CA887751C0590E500D1C61D /* Sources */,
				8CA887761C0590E500D1C61D /* Frameworks */,
				8CA887771C0590E500D1C61D /* Resources */,
			);
			buildRules = (
			);
			dependencies = (
				8CA8877B1C0590E500D1C61D /* PBXTargetDependency */,
			);
			name = ZhihuDailyUITests;
			productName = ZhihuDailyUITests;
			productReference = 8CA887791C0590E500D1C61D /* ZhihuDailyUITests.xctest */;
			productType = "com.apple.product-type.bundle.ui-testing";
		};
/* End PBXNativeTarget section */

/* Begin PBXProject section */
		8CA887521C0590E500D1C61D /* Project object */ = {
			isa = PBXProject;
			attributes = {
				LastSwiftUpdateCheck = 0710;
				LastUpgradeCheck = 0710;
				ORGANIZATIONNAME = Riversideview;
				TargetAttributes = {
					8CA887591C0590E500D1C61D = {
						CreatedOnToolsVersion = 7.1.1;
						DevelopmentTeam = EQP5359RWA;
					};
					8CA8876D1C0590E500D1C61D = {
						CreatedOnToolsVersion = 7.1.1;
						DevelopmentTeam = EQP5359RWA;
						TestTargetID = 8CA887591C0590E500D1C61D;
					};
					8CA887781C0590E500D1C61D = {
						CreatedOnToolsVersion = 7.1.1;
						DevelopmentTeam = EQP5359RWA;
						TestTargetID = 8CA887591C0590E500D1C61D;
					};
				};
			};
			buildConfigurationList = 8CA887551C0590E500D1C61D /* Build configuration list for PBXProject "ZhihuDaily" */;
			compatibilityVersion = "Xcode 3.2";
			developmentRegion = English;
			hasScannedForEncodings = 0;
			knownRegions = (
				en,
				Base,
			);
			mainGroup = 8CA887511C0590E500D1C61D;
			productRefGroup = 8CA8875B1C0590E500D1C61D /* Products */;
			projectDirPath = "";
			projectRoot = "";
			targets = (
				8CA887591C0590E500D1C61D /* ZhihuDaily */,
				8CA8876D1C0590E500D1C61D /* ZhihuDailyTests */,
				8CA887781C0590E500D1C61D /* ZhihuDailyUITests */,
			);
		};
/* End PBXProject section */

/* Begin PBXResourcesBuildPhase section */
		8CA887581C0590E500D1C61D /* Resources */ = {
			isa = PBXResourcesBuildPhase;
			buildActionMask = 2147483647;
			files = (
				8CA887681C0590E500D1C61D /* LaunchScreen.storyboard in Resources */,
				8CA887651C0590E500D1C61D /* Assets.xcassets in Resources */,
				8CA887631C0590E500D1C61D /* Main.storyboard in Resources */,
			);
			runOnlyForDeploymentPostprocessing = 0;
		};
		8CA8876C1C0590E500D1C61D /* Resources */ = {
			isa = PBXResourcesBuildPhase;
			buildActionMask = 2147483647;
			files = (
			);
			runOnlyForDeploymentPostprocessing = 0;
		};
		8CA887771C0590E500D1C61D /* Resources */ = {
			isa = PBXResourcesBuildPhase;
			buildActionMask = 2147483647;
			files = (
			);
			runOnlyForDeploymentPostprocessing = 0;
		};
/* End PBXResourcesBuildPhase section */

/* Begin PBXSourcesBuildPhase section */
		8CA887561C0590E500D1C61D /* Sources */ = {
			isa = PBXSourcesBuildPhase;
			buildActionMask = 2147483647;
			files = (
				8CA887601C0590E500D1C61D /* ViewController.swift in Sources */,
				8CA8875E1C0590E500D1C61D /* AppDelegate.swift in Sources */,
			);
			runOnlyForDeploymentPostprocessing = 0;
		};
		8CA8876A1C0590E500D1C61D /* Sources */ = {
			isa = PBXSourcesBuildPhase;
			buildActionMask = 2147483647;
			files = (
				8CA887731C0590E500D1C61D /* ZhihuDailyTests.swift in Sources */,
			);
			runOnlyForDeploymentPostprocessing = 0;
		};
		8CA887751C0590E500D1C61D /* Sources */ = {
			isa = PBXSourcesBuildPhase;
			buildActionMask = 2147483647;
			files = (
				8CA8877E1C0590E500D1C61D /* ZhihuDailyUITests.swift in Sources */,
			);
			runOnlyForDeploymentPostprocessing = 0;
		};
/* End PBXSourcesBuildPhase section */

/* Begin PBXTargetDependency section */
		8CA887701C0590E500D1C61D /* PBXTargetDependency */ = {
			isa = PBXTargetDependency;
			target = 8CA887591C0590E500D1C61D /* ZhihuDaily */;
			targetProxy = 8CA8876F1C0590E500D1C61D /* PBXContainerItemProxy */;
		};
		8CA8877B1C0590E500D1C61D /* PBXTargetDependency */ = {
			isa = PBXTargetDependency;
			target = 8CA887591C0590E500D1C61D /* ZhihuDaily */;
			targetProxy = 8CA8877A1C0590E500D1C61D /* PBXContainerItemProxy */;
		};
/* End PBXTargetDependency section */

/* Begin PBXVariantGroup section */
		8CA887611C0590E500D1C61D /* Main.storyboard */ = {
			isa = PBXVariantGroup;
			children = (
				8CA887621C0590E500D1C61D /* Base */,
			);
			name = Main.storyboard;
			sourceTree = "<group>";
		};
		8CA887661C0590E500D1C61D /* LaunchScreen.storyboard */ = {
			isa = PBXVariantGroup;
			children = (
				8CA887671C0590E500D1C61D /* Base */,
			);
			name = LaunchScreen.storyboard;
			sourceTree = "<group>";
		};
/* End PBXVariantGroup section */

/* Begin XCBuildConfiguration section */
		8CA887801C0590E500D1C61D /* Debug */ = {
			isa = XCBuildConfiguration;
			buildSettings = {
				ALWAYS_SEARCH_USER_PATHS = NO;
				CLANG_CXX_LANGUAGE_STANDARD = "gnu++0x";
				CLANG_CXX_LIBRARY = "libc++";
				CLANG_ENABLE_MODULES = YES;
				CLANG_ENABLE_OBJC_ARC = YES;
				CLANG_WARN_BOOL_CONVERSION = YES;
				CLANG_WARN_CONSTANT_CONVERSION = YES;
				CLANG_WARN_DIRECT_OBJC_ISA_USAGE = YES_ERROR;
				CLANG_WARN_EMPTY_BODY = YES;
				CLANG_WARN_ENUM_CONVERSION = YES;
				CLANG_WARN_INT_CONVERSION = YES;
				CLANG_WARN_OBJC_ROOT_CLASS = YES_ERROR;
				CLANG_WARN_UNREACHABLE_CODE = YES;
				CLANG_WARN__DUPLICATE_METHOD_MATCH = YES;
				"CODE_SIGN_IDENTITY[sdk=iphoneos*]" = "iPhone Developer";
				COPY_PHASE_STRIP = NO;
				DEBUG_INFORMATION_FORMAT = dwarf;
				ENABLE_STRICT_OBJC_MSGSEND = YES;
				ENABLE_TESTABILITY = YES;
				GCC_C_LANGUAGE_STANDARD = gnu99;
				GCC_DYNAMIC_NO_PIC = NO;
				GCC_NO_COMMON_BLOCKS = YES;
				GCC_OPTIMIZATION_LEVEL = 0;
				GCC_PREPROCESSOR_DEFINITIONS = (
					"DEBUG=1",
					"$(inherited)",
				);
				GCC_WARN_64_TO_32_BIT_CONVERSION = YES;
				GCC_WARN_ABOUT_RETURN_TYPE = YES_ERROR;
				GCC_WARN_UNDECLARED_SELECTOR = YES;
				GCC_WARN_UNINITIALIZED_AUTOS = YES_AGGRESSIVE;
				GCC_WARN_UNUSED_FUNCTION = YES;
				GCC_WARN_UNUSED_VARIABLE = YES;
				IPHONEOS_DEPLOYMENT_TARGET = 9.1;
				MTL_ENABLE_DEBUG_INFO = YES;
				ONLY_ACTIVE_ARCH = YES;
				SDKROOT = iphoneos;
				SWIFT_OPTIMIZATION_LEVEL = "-Onone";
				TARGETED_DEVICE_FAMILY = "1,2";
			};
			name = Debug;
		};
		8CA887811C0590E500D1C61D /* Release */ = {
			isa = XCBuildConfiguration;
			buildSettings = {
				ALWAYS_SEARCH_USER_PATHS = NO;
				CLANG_CXX_LANGUAGE_STANDARD = "gnu++0x";
				CLANG_CXX_LIBRARY = "libc++";
				CLANG_ENABLE_MODULES = YES;
				CLANG_ENABLE_OBJC_ARC = YES;
				CLANG_WARN_BOOL_CONVERSION = YES;
				CLANG_WARN_CONSTANT_CONVERSION = YES;
				CLANG_WARN_DIRECT_OBJC_ISA_USAGE = YES_ERROR;
				CLANG_WARN_EMPTY_BODY = YES;
				CLANG_WARN_ENUM_CONVERSION = YES;
				CLANG_WARN_INT_CONVERSION = YES;
				CLANG_WARN_OBJC_ROOT_CLASS = YES_ERROR;
				CLANG_WARN_UNREACHABLE_CODE = YES;
				CLANG_WARN__DUPLICATE_METHOD_MATCH = YES;
				"CODE_SIGN_IDENTITY[sdk=iphoneos*]" = "iPhone Developer";
				COPY_PHASE_STRIP = NO;
				DEBUG_INFORMATION_FORMAT = "dwarf-with-dsym";
				ENABLE_NS_ASSERTIONS = NO;
				ENABLE_STRICT_OBJC_MSGSEND = YES;
				GCC_C_LANGUAGE_STANDARD = gnu99;
				GCC_NO_COMMON_BLOCKS = YES;
				GCC_WARN_64_TO_32_BIT_CONVERSION = YES;
				GCC_WARN_ABOUT_RETURN_TYPE = YES_ERROR;
				GCC_WARN_UNDECLARED_SELECTOR = YES;
				GCC_WARN_UNINITIALIZED_AUTOS = YES_AGGRESSIVE;
				GCC_WARN_UNUSED_FUNCTION = YES;
				GCC_WARN_UNUSED_VARIABLE = YES;
				IPHONEOS_DEPLOYMENT_TARGET = 9.1;
				MTL_ENABLE_DEBUG_INFO = NO;
				SDKROOT = iphoneos;
				TARGETED_DEVICE_FAMILY = "1,2";
				VALIDATE_PRODUCT = YES;
			};
			name = Release;
		};
		8CA887831C0590E500D1C61D /* Debug */ = {
			isa = XCBuildConfiguration;
			buildSettings = {
				ASSETCATALOG_COMPILER_APPICON_NAME = AppIcon;
				INFOPLIST_FILE = ZhihuDaily/Info.plist;
				LD_RUNPATH_SEARCH_PATHS = "$(inherited) @executable_path/Frameworks";
				PRODUCT_BUNDLE_IDENTIFIER = yoru.ZhihuDaily;
				PRODUCT_NAME = "$(TARGET_NAME)";
			};
			name = Debug;
		};
		8CA887841C0590E500D1C61D /* Release */ = {
			isa = XCBuildConfiguration;
			buildSettings = {
				ASSETCATALOG_COMPILER_APPICON_NAME = AppIcon;
				INFOPLIST_FILE = ZhihuDaily/Info.plist;
				LD_RUNPATH_SEARCH_PATHS = "$(inherited) @executable_path/Frameworks";
				PRODUCT_BUNDLE_IDENTIFIER = yoru.ZhihuDaily;
				PRODUCT_NAME = "$(TARGET_NAME)";
			};
			name = Release;
		};
		8CA887861C0590E500D1C61D /* Debug */ = {
			isa = XCBuildConfiguration;
			buildSettings = {
				BUNDLE_LOADER = "$(TEST_HOST)";
				INFOPLIST_FILE = ZhihuDailyTests/Info.plist;
				LD_RUNPATH_SEARCH_PATHS = "$(inherited) @executable_path/Frameworks @loader_path/Frameworks";
				PRODUCT_BUNDLE_IDENTIFIER = yoru.ZhihuDailyTests;
				PRODUCT_NAME = "$(TARGET_NAME)";
				TEST_HOST = "$(BUILT_PRODUCTS_DIR)/ZhihuDaily.app/ZhihuDaily";
			};
			name = Debug;
		};
		8CA887871C0590E500D1C61D /* Release */ = {
			isa = XCBuildConfiguration;
			buildSettings = {
				BUNDLE_LOADER = "$(TEST_HOST)";
				INFOPLIST_FILE = ZhihuDailyTests/Info.plist;
				LD_RUNPATH_SEARCH_PATHS = "$(inherited) @executable_path/Frameworks @loader_path/Frameworks";
				PRODUCT_BUNDLE_IDENTIFIER = yoru.ZhihuDailyTests;
				PRODUCT_NAME = "$(TARGET_NAME)";
				TEST_HOST = "$(BUILT_PRODUCTS_DIR)/ZhihuDaily.app/ZhihuDaily";
			};
			name = Release;
		};
		8CA887891C0590E500D1C61D /* Debug */ = {
			isa = XCBuildConfiguration;
			buildSettings = {
				INFOPLIST_FILE = ZhihuDailyUITests/Info.plist;
				LD_RUNPATH_SEARCH_PATHS = "$(inherited) @executable_path/Frameworks @loader_path/Frameworks";
				PRODUCT_BUNDLE_IDENTIFIER = yoru.ZhihuDailyUITests;
				PRODUCT_NAME = "$(TARGET_NAME)";
				TEST_TARGET_NAME = ZhihuDaily;
				USES_XCTRUNNER = YES;
			};
			name = Debug;
		};
		8CA8878A1C0590E500D1C61D /* Release */ = {
			isa = XCBuildConfiguration;
			buildSettings = {
				INFOPLIST_FILE = ZhihuDailyUITests/Info.plist;
				LD_RUNPATH_SEARCH_PATHS = "$(inherited) @executable_path/Frameworks @loader_path/Frameworks";
				PRODUCT_BUNDLE_IDENTIFIER = yoru.ZhihuDailyUITests;
				PRODUCT_NAME = "$(TARGET_NAME)";
				TEST_TARGET_NAME = ZhihuDaily;
				USES_XCTRUNNER = YES;
			};
			name = Release;
		};
/* End XCBuildConfiguration section */

/* Begin XCConfigurationList section */
		8CA887551C0590E500D1C61D /* Build configuration list for PBXProject "ZhihuDaily" */ = {
			isa = XCConfigurationList;
			buildConfigurations = (
				8CA887801C0590E500D1C61D /* Debug */,
				8CA887811C0590E500D1C61D /* Release */,
			);
			defaultConfigurationIsVisible = 0;
			defaultConfigurationName = Release;
		};
		8CA887821C0590E500D1C61D /* Build configuration list for PBXNativeTarget "ZhihuDaily" */ = {
			isa = XCConfigurationList;
			buildConfigurations = (
				8CA887831C0590E500D1C61D /* Debug */,
				8CA887841C0590E500D1C61D /* Release */,
			);
			defaultConfigurationIsVisible = 0;
		};
		8CA887851C0590E500D1C61D /* Build configuration list for PBXNativeTarget "ZhihuDailyTests" */ = {
			isa = XCConfigurationList;
			buildConfigurations = (
				8CA887861C0590E500D1C61D /* Debug */,
				8CA887871C0590E500D1C61D /* Release */,
			);
			defaultConfigurationIsVisible = 0;
		};
		8CA887881C0590E500D1C61D /* Build configuration list for PBXNativeTarget "ZhihuDailyUITests" */ = {
			isa = XCConfigurationList;
			buildConfigurations = (
				8CA887891C0590E500D1C61D /* Debug */,
				8CA8878A1C0590E500D1C61D /* Release */,
			);
			defaultConfigurationIsVisible = 0;
		};
/* End XCConfigurationList section */
	};
	rootObject = 8CA887521C0590E500D1C61D /* Project object */;
}
